
Microsoft Visual Studio Solution File, Format Version 12.00
# Visual Studio 14
VisualStudioVersion = 14.0.24720.0
MinimumVisualStudioVersion = 10.0.40219.1
Project("{FAE04EC0-301F-11D3-BF4B-00C04F79EFBC}") = "SmartAngle.Web.API", "SmartAngle.Web.API\SmartAngle.Web.API.csproj", "{BF5F328F-C554-43BB-AD8C-DF0A6750A8F8}"
EndProject
Project("{FAE04EC0-301F-11D3-BF4B-00C04F79EFBC}") = "SmartAngle.Data.Entities", "SmartAngle.Entities\SmartAngle.Data.Entities.csproj", "{BC160454-11A0-47F0-84EC-9F12C365EA40}"
EndProject
Project("{FAE04EC0-301F-11D3-BF4B-00C04F79EFBC}") = "SmartAngle.Data.Repository", "SmartAngle.Data.Repository\SmartAngle.Data.Repository.csproj", "{5B41F1AE-9A57-482F-B522-FE9629ED35EE}"
EndProject
Project("{FAE04EC0-301F-11D3-BF4B-00C04F79EFBC}") = "SmartAngle.Data.DataAccess", "SmartAngle.Data.DataAccess\SmartAngle.Data.DataAccess.csproj", "{C0ED5EE3-C57E-470F-B17F-4F568D47897B}"
EndProject
Project("{FAE04EC0-301F-11D3-BF4B-00C04F79EFBC}") = "SmartAngle.Web.Services", "SmartAngle.Web.Services\SmartAngle.Web.Services.csproj", "{7E6888C7-365D-4583-B294-CCF6AA6186F4}"
EndProject
Project("{FAE04EC0-301F-11D3-BF4B-00C04F79EFBC}") = "SmartAngle.Web.UI", "SmartAngle.Web.UI\SmartAngle.Web.UI.csproj", "{F19CC501-87AF-4730-BBC8-A0FAD1073208}"
EndProject
Global
	GlobalSection(SolutionConfigurationPlatforms) = preSolution
		Debug|Any CPU = Debug|Any CPU
		Release|Any CPU = Release|Any CPU
	EndGlobalSection
	GlobalSection(ProjectConfigurationPlatforms) = postSolution
		{BF5F328F-C554-43BB-AD8C-DF0A6750A8F8}.Debug|Any CPU.ActiveCfg = Debug|Any CPU
		{BF5F328F-C554-43BB-AD8C-DF0A6750A8F8}.Debug|Any CPU.Build.0 = Debug|Any CPU
		{BF5F328F-C554-43BB-AD8C-DF0A6750A8F8}.Release|Any CPU.ActiveCfg = Release|Any CPU
		{BF5F328F-C554-43BB-AD8C-DF0A6750A8F8}.Release|Any CPU.Build.0 = Release|Any CPU
		{BC160454-11A0-47F0-84EC-9F12C365EA40}.Debug|Any CPU.ActiveCfg = Debug|Any CPU
		{BC160454-11A0-47F0-84EC-9F12C365EA40}.Debug|Any CPU.Build.0 = Debug|Any CPU
		{BC160454-11A0-47F0-84EC-9F12C365EA40}.Release|Any CPU.ActiveCfg = Release|Any CPU
		{BC160454-11A0-47F0-84EC-9F12C365EA40}.Release|Any CPU.Build.0 = Release|Any CPU
		{5B41F1AE-9A57-482F-B522-FE9629ED35EE}.Debug|Any CPU.ActiveCfg = Debug|Any CPU
		{5B41F1AE-9A57-482F-B522-FE9629ED35EE}.Debug|Any CPU.Build.0 = Debug|Any CPU
		{5B41F1AE-9A57-482F-B522-FE9629ED35EE}.Release|Any CPU.ActiveCfg = Release|Any CPU
		{5B41F1AE-9A57-482F-B522-FE9629ED35EE}.Release|Any CPU.Build.0 = Release|Any CPU
		{C0ED5EE3-C57E-470F-B17F-4F568D47897B}.Debug|Any CPU.ActiveCfg = Debug|Any CPU
		{C0ED5EE3-C57E-470F-B17F-4F568D47897B}.Debug|Any CPU.Build.0 = Debug|Any CPU
		{C0ED5EE3-C57E-470F-B17F-4F568D47897B}.Release|Any CPU.ActiveCfg = Release|Any CPU
		{C0ED5EE3-C57E-470F-B17F-4F568D47897B}.Release|Any CPU.Build.0 = Release|Any CPU
		{7E6888C7-365D-4583-B294-CCF6AA6186F4}.Debug|Any CPU.ActiveCfg = Debug|Any CPU
		{7E6888C7-365D-4583-B294-CCF6AA6186F4}.Debug|Any CPU.Build.0 = Debug|Any CPU
		{7E6888C7-365D-4583-B294-CCF6AA6186F4}.Release|Any CPU.ActiveCfg = Release|Any CPU
		{7E6888C7-365D-4583-B294-CCF6AA6186F4}.Release|Any CPU.Build.0 = Release|Any CPU
		{F19CC501-87AF-4730-BBC8-A0FAD1073208}.Debug|Any CPU.ActiveCfg = Debug|Any CPU
		{F19CC501-87AF-4730-BBC8-A0FAD1073208}.Debug|Any CPU.Build.0 = Debug|Any CPU
		{F19CC501-87AF-4730-BBC8-A0FAD1073208}.Release|Any CPU.ActiveCfg = Release|Any CPU
		{F19CC501-87AF-4730-BBC8-A0FAD1073208}.Release|Any CPU.Build.0 = Release|Any CPU
	EndGlobalSection
	GlobalSection(SolutionProperties) = preSolution
		HideSolutionNode = FALSE
	EndGlobalSection
EndGlobal
